
Microsoft Visual Studio Solution File, Format Version 12.00
# Visual Studio Version 17
VisualStudioVersion = 17.8.34408.163
MinimumVisualStudioVersion = 10.0.40219.1
Project("{FAE04EC0-301F-11D3-BF4B-00C04F79EFBC}") = "Mission06_Burton", "Mission06_Burton\Mission06_Burton.csproj", "{F6F96E42-AD6B-45C2-8884-70CE02D69009}"
EndProject
Global
	GlobalSection(SolutionConfigurationPlatforms) = preSolution
		Debug|Any CPU = Debug|Any CPU
		Release|Any CPU = Release|Any CPU
	EndGlobalSection
	GlobalSection(ProjectConfigurationPlatforms) = postSolution
		{F6F96E42-AD6B-45C2-8884-70CE02D69009}.Debug|Any CPU.ActiveCfg = Debug|Any CPU
		{F6F96E42-AD6B-45C2-8884-70CE02D69009}.Debug|Any CPU.Build.0 = Debug|Any CPU
		{F6F96E42-AD6B-45C2-8884-70CE02D69009}.Release|Any CPU.ActiveCfg = Release|Any CPU
		{F6F96E42-AD6B-45C2-8884-70CE02D69009}.Release|Any CPU.Build.0 = Release|Any CPU
	EndGlobalSection
	GlobalSection(SolutionProperties) = preSolution
		HideSolutionNode = FALSE
	EndGlobalSection
	GlobalSection(ExtensibilityGlobals) = postSolution
		SolutionGuid = {F9A79384-8D1B-496B-B2E7-C01AE5BACFB5}
	EndGlobalSection
EndGlobal
